
Microsoft Visual Studio Solution File, Format Version 11.00
# Visual Studio 2010
Project("{FAE04EC0-301F-11D3-BF4B-00C04F79EFBC}") = "CommandingWithMvvm", "CommandingWithMvvm\CommandingWithMvvm.csproj", "{2559CB6C-1AF1-45B3-B3D6-61B0ECC0AABB}"
EndProject
Project("{FAE04EC0-301F-11D3-BF4B-00C04F79EFBC}") = "CommandingWithMvvm.Web", "CommandingWithMvvm.Web\CommandingWithMvvm.Web.csproj", "{3BDEE10C-CCD9-4740-A139-4CA9D4D3EF9C}"
EndProject
Project("{FAE04EC0-301F-11D3-BF4B-00C04F79EFBC}") = "SilverlightTest1", "SilverlightTest1\SilverlightTest1.csproj", "{7B25A309-55C1-4991-85AB-316F45745020}"
EndProject
Global
	GlobalSection(SolutionConfigurationPlatforms) = preSolution
		Debug|Any CPU = Debug|Any CPU
		Release|Any CPU = Release|Any CPU
	EndGlobalSection
	GlobalSection(ProjectConfigurationPlatforms) = postSolution
		{2559CB6C-1AF1-45B3-B3D6-61B0ECC0AABB}.Debug|Any CPU.ActiveCfg = Debug|Any CPU
		{2559CB6C-1AF1-45B3-B3D6-61B0ECC0AABB}.Debug|Any CPU.Build.0 = Debug|Any CPU
		{2559CB6C-1AF1-45B3-B3D6-61B0ECC0AABB}.Release|Any CPU.ActiveCfg = Release|Any CPU
		{2559CB6C-1AF1-45B3-B3D6-61B0ECC0AABB}.Release|Any CPU.Build.0 = Release|Any CPU
		{3BDEE10C-CCD9-4740-A139-4CA9D4D3EF9C}.Debug|Any CPU.ActiveCfg = Debug|Any CPU
		{3BDEE10C-CCD9-4740-A139-4CA9D4D3EF9C}.Debug|Any CPU.Build.0 = Debug|Any CPU
		{3BDEE10C-CCD9-4740-A139-4CA9D4D3EF9C}.Release|Any CPU.ActiveCfg = Release|Any CPU
		{3BDEE10C-CCD9-4740-A139-4CA9D4D3EF9C}.Release|Any CPU.Build.0 = Release|Any CPU
		{7B25A309-55C1-4991-85AB-316F45745020}.Debug|Any CPU.ActiveCfg = Debug|Any CPU
		{7B25A309-55C1-4991-85AB-316F45745020}.Debug|Any CPU.Build.0 = Debug|Any CPU
		{7B25A309-55C1-4991-85AB-316F45745020}.Release|Any CPU.ActiveCfg = Release|Any CPU
		{7B25A309-55C1-4991-85AB-316F45745020}.Release|Any CPU.Build.0 = Release|Any CPU
	EndGlobalSection
	GlobalSection(SolutionProperties) = preSolution
		HideSolutionNode = FALSE
	EndGlobalSection
EndGlobal
